
Microsoft Visual Studio Solution File, Format Version 12.00
# Visual Studio Version 16
VisualStudioVersion = 16.0.29509.3
MinimumVisualStudioVersion = 10.0.40219.1
Project("{9A19103F-16F7-4668-BE54-9A1E7A4F7556}") = "KatasSolutions", "PersonalTests\KatasSolutions.csproj", "{A96B2007-2965-4908-B0A3-39649E007773}"
EndProject
Project("{9A19103F-16F7-4668-BE54-9A1E7A4F7556}") = "KatasSolutionsTests", "PersonalTestsTests\KatasSolutionsTests.csproj", "{A0E2BE7A-37FF-415B-B667-B24647888160}"
EndProject
Global
	GlobalSection(SolutionConfigurationPlatforms) = preSolution
		Debug|Any CPU = Debug|Any CPU
		Release|Any CPU = Release|Any CPU
	EndGlobalSection
	GlobalSection(ProjectConfigurationPlatforms) = postSolution
		{A96B2007-2965-4908-B0A3-39649E007773}.Debug|Any CPU.ActiveCfg = Debug|Any CPU
		{A96B2007-2965-4908-B0A3-39649E007773}.Debug|Any CPU.Build.0 = Debug|Any CPU
		{A96B2007-2965-4908-B0A3-39649E007773}.Release|Any CPU.ActiveCfg = Release|Any CPU
		{A96B2007-2965-4908-B0A3-39649E007773}.Release|Any CPU.Build.0 = Release|Any CPU
		{A0E2BE7A-37FF-415B-B667-B24647888160}.Debug|Any CPU.ActiveCfg = Debug|Any CPU
		{A0E2BE7A-37FF-415B-B667-B24647888160}.Debug|Any CPU.Build.0 = Debug|Any CPU
		{A0E2BE7A-37FF-415B-B667-B24647888160}.Release|Any CPU.ActiveCfg = Release|Any CPU
		{A0E2BE7A-37FF-415B-B667-B24647888160}.Release|Any CPU.Build.0 = Release|Any CPU
	EndGlobalSection
	GlobalSection(SolutionProperties) = preSolution
		HideSolutionNode = FALSE
	EndGlobalSection
	GlobalSection(ExtensibilityGlobals) = postSolution
		SolutionGuid = {E526652F-3C55-45A2-9065-91F611AD7AE4}
	EndGlobalSection
EndGlobal
